{
  "name": "vonnegut-ipsum",
  "version": "1.0.0",
  "lockfileVersion": 2,
  "requires": true,
  "packages": {
    "": {
      "name": "vonnegut-ipsum",
      "version": "1.0.0",
      "license": "ISC",
      "devDependencies": {
        "@netlify/edge-functions": "^2.5.1"
      }
    },
    "node_modules/@netlify/edge-functions": {
      "version": "2.5.1",
      "resolved": "https://registry.npmjs.org/@netlify/edge-functions/-/edge-functions-2.5.1.tgz",
      "integrity": "sha512-6YGlbzxPaSqc/D2LhP4T4PXrim/vRmqpO1RwQKqVod6WCWlkdtJcAd3mGoI7efrjfND8twh7TqXtL7RRCI23qA==",
      "dev": true
    }
  },
  "dependencies": {
    "@netlify/edge-functions": {
      "version": "2.5.1",
      "resolved": "https://registry.npmjs.org/@netlify/edge-functions/-/edge-functions-2.5.1.tgz",
      "integrity": "sha512-6YGlbzxPaSqc/D2LhP4T4PXrim/vRmqpO1RwQKqVod6WCWlkdtJcAd3mGoI7efrjfND8twh7TqXtL7RRCI23qA==",
      "dev": true
    }
  }
}
